// !$*UTF8*$!
{
	archiveVersion = 1;
	classes = {
	};
	objectVersion = 50;
	objects = {

/* Begin PBXBuildFile section */
		504B528121A86E4C00217499 /* AppDelegate.swift in Sources */ = {isa = PBXBuildFile; fileRef = 504B528021A86E4C00217499 /* AppDelegate.swift */; };
		504B528921A86E4C00217499 /* photopicker.xcdatamodeld in Sources */ = {isa = PBXBuildFile; fileRef = 504B528721A86E4C00217499 /* photopicker.xcdatamodeld */; };
		504B528B21A86E4E00217499 /* Assets.xcassets in Resources */ = {isa = PBXBuildFile; fileRef = 504B528A21A86E4E00217499 /* Assets.xcassets */; };
		504B528E21A86E4E00217499 /* LaunchScreen.storyboard in Resources */ = {isa = PBXBuildFile; fileRef = 504B528C21A86E4E00217499 /* LaunchScreen.storyboard */; };
		504B529921A86E4F00217499 /* photopickerTests.swift in Sources */ = {isa = PBXBuildFile; fileRef = 504B529821A86E4E00217499 /* photopickerTests.swift */; };
		504B52A421A86E4F00217499 /* photopickerUITests.swift in Sources */ = {isa = PBXBuildFile; fileRef = 504B52A321A86E4F00217499 /* photopickerUITests.swift */; };
		504B52B221A86FA600217499 /* HomeViewController.swift in Sources */ = {isa = PBXBuildFile; fileRef = 504B52B121A86FA600217499 /* HomeViewController.swift */; };
		504B52B421A8706B00217499 /* Constraints.swift in Sources */ = {isa = PBXBuildFile; fileRef = 504B52B321A8706B00217499 /* Constraints.swift */; };
		504B52B821A8842A00217499 /* UIImageColors.swift in Sources */ = {isa = PBXBuildFile; fileRef = 504B52B721A8842A00217499 /* UIImageColors.swift */; };
/* End PBXBuildFile section */

/* Begin PBXContainerItemProxy section */
		504B529521A86E4E00217499 /* PBXContainerItemProxy */ = {
			isa = PBXContainerItemProxy;
			containerPortal = 504B527521A86E4C00217499 /* Project object */;
			proxyType = 1;
			remoteGlobalIDString = 504B527C21A86E4C00217499;
			remoteInfo = photopicker;
		};
		504B52A021A86E4F00217499 /* PBXContainerItemProxy */ = {
			isa = PBXContainerItemProxy;
			containerPortal = 504B527521A86E4C00217499 /* Project object */;
			proxyType = 1;
			remoteGlobalIDString = 504B527C21A86E4C00217499;
			remoteInfo = photopicker;
		};
/* End PBXContainerItemProxy section */

/* Begin PBXFileReference section */
		504B527D21A86E4C00217499 /* photopicker.app */ = {isa = PBXFileReference; explicitFileType = wrapper.application; includeInIndex = 0; path = photopicker.app; sourceTree = BUILT_PRODUCTS_DIR; };
		504B528021A86E4C00217499 /* AppDelegate.swift */ = {isa = PBXFileReference; lastKnownFileType = sourcecode.swift; path = AppDelegate.swift; sourceTree = "<group>"; };
		504B528821A86E4C00217499 /* photopicker.xcdatamodel */ = {isa = PBXFileReference; lastKnownFileType = wrapper.xcdatamodel; path = photopicker.xcdatamodel; sourceTree = "<group>"; };
		504B528A21A86E4E00217499 /* Assets.xcassets */ = {isa = PBXFileReference; lastKnownFileType = folder.assetcatalog; path = Assets.xcassets; sourceTree = "<group>"; };
		504B528D21A86E4E00217499 /* Base */ = {isa = PBXFileReference; lastKnownFileType = file.storyboard; name = Base; path = Base.lproj/LaunchScreen.storyboard; sourceTree = "<group>"; };
		504B528F21A86E4E00217499 /* Info.plist */ = {isa = PBXFileReference; lastKnownFileType = text.plist.xml; path = Info.plist; sourceTree = "<group>"; };
		504B529421A86E4E00217499 /* photopickerTests.xctest */ = {isa = PBXFileReference; explicitFileType = wrapper.cfbundle; includeInIndex = 0; path = photopickerTests.xctest; sourceTree = BUILT_PRODUCTS_DIR; };
		504B529821A86E4E00217499 /* photopickerTests.swift */ = {isa = PBXFileReference; lastKnownFileType = sourcecode.swift; path = photopickerTests.swift; sourceTree = "<group>"; };
		504B529A21A86E4F00217499 /* Info.plist */ = {isa = PBXFileReference; lastKnownFileType = text.plist.xml; path = Info.plist; sourceTree = "<group>"; };
		504B529F21A86E4F00217499 /* photopickerUITests.xctest */ = {isa = PBXFileReference; explicitFileType = wrapper.cfbundle; includeInIndex = 0; path = photopickerUITests.xctest; sourceTree = BUILT_PRODUCTS_DIR; };
		504B52A321A86E4F00217499 /* photopickerUITests.swift */ = {isa = PBXFileReference; lastKnownFileType = sourcecode.swift; path = photopickerUITests.swift; sourceTree = "<group>"; };
		504B52A521A86E4F00217499 /* Info.plist */ = {isa = PBXFileReference; lastKnownFileType = text.plist.xml; path = Info.plist; sourceTree = "<group>"; };
		504B52B121A86FA600217499 /* HomeViewController.swift */ = {isa = PBXFileReference; lastKnownFileType = sourcecode.swift; path = HomeViewController.swift; sourceTree = "<group>"; };
		504B52B321A8706B00217499 /* Constraints.swift */ = {isa = PBXFileReference; fileEncoding = 4; lastKnownFileType = sourcecode.swift; path = Constraints.swift; sourceTree = "<group>"; };
		504B52B721A8842A00217499 /* UIImageColors.swift */ = {isa = PBXFileReference; lastKnownFileType = sourcecode.swift; path = UIImageColors.swift; sourceTree = "<group>"; };
/* End PBXFileReference section */

/* Begin PBXFrameworksBuildPhase section */
		504B527A21A86E4C00217499 /* Frameworks */ = {
			isa = PBXFrameworksBuildPhase;
			buildActionMask = 2147483647;
			files = (
			);
			runOnlyForDeploymentPostprocessing = 0;
		};
		504B529121A86E4E00217499 /* Frameworks */ = {
			isa = PBXFrameworksBuildPhase;
			buildActionMask = 2147483647;
			files = (
			);
			runOnlyForDeploymentPostprocessing = 0;
		};
		504B529C21A86E4F00217499 /* Frameworks */ = {
			isa = PBXFrameworksBuildPhase;
			buildActionMask = 2147483647;
			files = (
			);
			runOnlyForDeploymentPostprocessing = 0;
		};
/* End PBXFrameworksBuildPhase section */

/* Begin PBXGroup section */
		504B527421A86E4C00217499 = {
			isa = PBXGroup;
			children = (
				504B527F21A86E4C00217499 /* photopicker */,
				504B529721A86E4E00217499 /* photopickerTests */,
				504B52A221A86E4F00217499 /* photopickerUITests */,
				504B527E21A86E4C00217499 /* Products */,
			);
			sourceTree = "<group>";
		};
		504B527E21A86E4C00217499 /* Products */ = {
			isa = PBXGroup;
			children = (
				504B527D21A86E4C00217499 /* photopicker.app */,
				504B529421A86E4E00217499 /* photopickerTests.xctest */,
				504B529F21A86E4F00217499 /* photopickerUITests.xctest */,
			);
			name = Products;
			sourceTree = "<group>";
		};
		504B527F21A86E4C00217499 /* photopicker */ = {
			isa = PBXGroup;
			children = (
				504B528021A86E4C00217499 /* AppDelegate.swift */,
				504B52B121A86FA600217499 /* HomeViewController.swift */,
				504B52B921A8845800217499 /* ThirdParty */,
				504B52B321A8706B00217499 /* Constraints.swift */,
				504B528A21A86E4E00217499 /* Assets.xcassets */,
				504B528C21A86E4E00217499 /* LaunchScreen.storyboard */,
				504B528F21A86E4E00217499 /* Info.plist */,
				504B528721A86E4C00217499 /* photopicker.xcdatamodeld */,
			);
			path = photopicker;
			sourceTree = "<group>";
		};
		504B529721A86E4E00217499 /* photopickerTests */ = {
			isa = PBXGroup;
			children = (
				504B529821A86E4E00217499 /* photopickerTests.swift */,
				504B529A21A86E4F00217499 /* Info.plist */,
			);
			path = photopickerTests;
			sourceTree = "<group>";
		};
		504B52A221A86E4F00217499 /* photopickerUITests */ = {
			isa = PBXGroup;
			children = (
				504B52A321A86E4F00217499 /* photopickerUITests.swift */,
				504B52A521A86E4F00217499 /* Info.plist */,
			);
			path = photopickerUITests;
			sourceTree = "<group>";
		};
		504B52B921A8845800217499 /* ThirdParty */ = {
			isa = PBXGroup;
			children = (
				504B52B721A8842A00217499 /* UIImageColors.swift */,
			);
			path = ThirdParty;
			sourceTree = "<group>";
		};
/* End PBXGroup section */

/* Begin PBXNativeTarget section */
		504B527C21A86E4C00217499 /* photopicker */ = {
			isa = PBXNativeTarget;
			buildConfigurationList = 504B52A821A86E4F00217499 /* Build configuration list for PBXNativeTarget "photopicker" */;
			buildPhases = (
				504B527921A86E4C00217499 /* Sources */,
				504B527A21A86E4C00217499 /* Frameworks */,
				504B527B21A86E4C00217499 /* Resources */,
			);
			buildRules = (
			);
			dependencies = (
			);
			name = photopicker;
			productName = photopicker;
			productReference = 504B527D21A86E4C00217499 /* photopicker.app */;
			productType = "com.apple.product-type.application";
		};
		504B529321A86E4E00217499 /* photopickerTests */ = {
			isa = PBXNativeTarget;
			buildConfigurationList = 504B52AB21A86E4F00217499 /* Build configuration list for PBXNativeTarget "photopickerTests" */;
			buildPhases = (
				504B529021A86E4E00217499 /* Sources */,
				504B529121A86E4E00217499 /* Frameworks */,
				504B529221A86E4E00217499 /* Resources */,
			);
			buildRules = (
			);
			dependencies = (
				504B529621A86E4E00217499 /* PBXTargetDependency */,
			);
			name = photopickerTests;
			productName = photopickerTests;
			productReference = 504B529421A86E4E00217499 /* photopickerTests.xctest */;
			productType = "com.apple.product-type.bundle.unit-test";
		};
		504B529E21A86E4F00217499 /* photopickerUITests */ = {
			isa = PBXNativeTarget;
			buildConfigurationList = 504B52AE21A86E4F00217499 /* Build configuration list for PBXNativeTarget "photopickerUITests" */;
			buildPhases = (
				504B529B21A86E4F00217499 /* Sources */,
				504B529C21A86E4F00217499 /* Frameworks */,
				504B529D21A86E4F00217499 /* Resources */,
			);
			buildRules = (
			);
			dependencies = (
				504B52A121A86E4F00217499 /* PBXTargetDependency */,
			);
			name = photopickerUITests;
			productName = photopickerUITests;
			productReference = 504B529F21A86E4F00217499 /* photopickerUITests.xctest */;
			productType = "com.apple.product-type.bundle.ui-testing";
		};
/* End PBXNativeTarget section */

/* Begin PBXProject section */
		504B527521A86E4C00217499 /* Project object */ = {
			isa = PBXProject;
			attributes = {
				LastSwiftUpdateCheck = 1010;
				LastUpgradeCheck = 1010;
				ORGANIZATIONNAME = "Nicholas Culpin";
				TargetAttributes = {
					504B527C21A86E4C00217499 = {
						CreatedOnToolsVersion = 10.1;
					};
					504B529321A86E4E00217499 = {
						CreatedOnToolsVersion = 10.1;
						TestTargetID = 504B527C21A86E4C00217499;
					};
					504B529E21A86E4F00217499 = {
						CreatedOnToolsVersion = 10.1;
						TestTargetID = 504B527C21A86E4C00217499;
					};
				};
			};
			buildConfigurationList = 504B527821A86E4C00217499 /* Build configuration list for PBXProject "photopicker" */;
			compatibilityVersion = "Xcode 9.3";
			developmentRegion = en;
			hasScannedForEncodings = 0;
			knownRegions = (
				en,
				Base,
			);
			mainGroup = 504B527421A86E4C00217499;
			productRefGroup = 504B527E21A86E4C00217499 /* Products */;
			projectDirPath = "";
			projectRoot = "";
			targets = (
				504B527C21A86E4C00217499 /* photopicker */,
				504B529321A86E4E00217499 /* photopickerTests */,
				504B529E21A86E4F00217499 /* photopickerUITests */,
			);
		};
/* End PBXProject section */

/* Begin PBXResourcesBuildPhase section */
		504B527B21A86E4C00217499 /* Resources */ = {
			isa = PBXResourcesBuildPhase;
			buildActionMask = 2147483647;
			files = (
				504B528E21A86E4E00217499 /* LaunchScreen.storyboard in Resources */,
				504B528B21A86E4E00217499 /* Assets.xcassets in Resources */,
			);
			runOnlyForDeploymentPostprocessing = 0;
		};
		504B529221A86E4E00217499 /* Resources */ = {
			isa = PBXResourcesBuildPhase;
			buildActionMask = 2147483647;
			files = (
			);
			runOnlyForDeploymentPostprocessing = 0;
		};
		504B529D21A86E4F00217499 /* Resources */ = {
			isa = PBXResourcesBuildPhase;
			buildActionMask = 2147483647;
			files = (
			);
			runOnlyForDeploymentPostprocessing = 0;
		};
/* End PBXResourcesBuildPhase section */

/* Begin PBXSourcesBuildPhase section */
		504B527921A86E4C00217499 /* Sources */ = {
			isa = PBXSourcesBuildPhase;
			buildActionMask = 2147483647;
			files = (
				504B52B421A8706B00217499 /* Constraints.swift in Sources */,
				504B52B821A8842A00217499 /* UIImageColors.swift in Sources */,
				504B528921A86E4C00217499 /* photopicker.xcdatamodeld in Sources */,
				504B528121A86E4C00217499 /* AppDelegate.swift in Sources */,
				504B52B221A86FA600217499 /* HomeViewController.swift in Sources */,
			);
			runOnlyForDeploymentPostprocessing = 0;
		};
		504B529021A86E4E00217499 /* Sources */ = {
			isa = PBXSourcesBuildPhase;
			buildActionMask = 2147483647;
			files = (
				504B529921A86E4F00217499 /* photopickerTests.swift in Sources */,
			);
			runOnlyForDeploymentPostprocessing = 0;
		};
		504B529B21A86E4F00217499 /* Sources */ = {
			isa = PBXSourcesBuildPhase;
			buildActionMask = 2147483647;
			files = (
				504B52A421A86E4F00217499 /* photopickerUITests.swift in Sources */,
			);
			runOnlyForDeploymentPostprocessing = 0;
		};
/* End PBXSourcesBuildPhase section */

/* Begin PBXTargetDependency section */
		504B529621A86E4E00217499 /* PBXTargetDependency */ = {
			isa = PBXTargetDependency;
			target = 504B527C21A86E4C00217499 /* photopicker */;
			targetProxy = 504B529521A86E4E00217499 /* PBXContainerItemProxy */;
		};
		504B52A121A86E4F00217499 /* PBXTargetDependency */ = {
			isa = PBXTargetDependency;
			target = 504B527C21A86E4C00217499 /* photopicker */;
			targetProxy = 504B52A021A86E4F00217499 /* PBXContainerItemProxy */;
		};
/* End PBXTargetDependency section */

/* Begin PBXVariantGroup section */
		504B528C21A86E4E00217499 /* LaunchScreen.storyboard */ = {
			isa = PBXVariantGroup;
			children = (
				504B528D21A86E4E00217499 /* Base */,
			);
			name = LaunchScreen.storyboard;
			sourceTree = "<group>";
		};
/* End PBXVariantGroup section */

/* Begin XCBuildConfiguration section */
		504B52A621A86E4F00217499 /* Debug */ = {
			isa = XCBuildConfiguration;
			buildSettings = {
				ALWAYS_SEARCH_USER_PATHS = NO;
				CLANG_ANALYZER_NONNULL = YES;
				CLANG_ANALYZER_NUMBER_OBJECT_CONVERSION = YES_AGGRESSIVE;
				CLANG_CXX_LANGUAGE_STANDARD = "gnu++14";
				CLANG_CXX_LIBRARY = "libc++";
				CLANG_ENABLE_MODULES = YES;
				CLANG_ENABLE_OBJC_ARC = YES;
				CLANG_ENABLE_OBJC_WEAK = YES;
				CLANG_WARN_BLOCK_CAPTURE_AUTORELEASING = YES;
				CLANG_WARN_BOOL_CONVERSION = YES;
				CLANG_WARN_COMMA = YES;
				CLANG_WARN_CONSTANT_CONVERSION = YES;
				CLANG_WARN_DEPRECATED_OBJC_IMPLEMENTATIONS = YES;
				CLANG_WARN_DIRECT_OBJC_ISA_USAGE = YES_ERROR;
				CLANG_WARN_DOCUMENTATION_COMMENTS = YES;
				CLANG_WARN_EMPTY_BODY = YES;
				CLANG_WARN_ENUM_CONVERSION = YES;
				CLANG_WARN_INFINITE_RECURSION = YES;
				CLANG_WARN_INT_CONVERSION = YES;
				CLANG_WARN_NON_LITERAL_NULL_CONVERSION = YES;
				CLANG_WARN_OBJC_IMPLICIT_RETAIN_SELF = YES;
				CLANG_WARN_OBJC_LITERAL_CONVERSION = YES;
				CLANG_WARN_OBJC_ROOT_CLASS = YES_ERROR;
				CLANG_WARN_RANGE_LOOP_ANALYSIS = YES;
				CLANG_WARN_STRICT_PROTOTYPES = YES;
				CLANG_WARN_SUSPICIOUS_MOVE = YES;
				CLANG_WARN_UNGUARDED_AVAILABILITY = YES_AGGRESSIVE;
				CLANG_WARN_UNREACHABLE_CODE = YES;
				CLANG_WARN__DUPLICATE_METHOD_MATCH = YES;
				CODE_SIGN_IDENTITY = "iPhone Developer";
				COPY_PHASE_STRIP = NO;
				DEBUG_INFORMATION_FORMAT = dwarf;
				ENABLE_STRICT_OBJC_MSGSEND = YES;
				ENABLE_TESTABILITY = YES;
				GCC_C_LANGUAGE_STANDARD = gnu11;
				GCC_DYNAMIC_NO_PIC = NO;
				GCC_NO_COMMON_BLOCKS = YES;
				GCC_OPTIMIZATION_LEVEL = 0;
				GCC_PREPROCESSOR_DEFINITIONS = (
					"DEBUG=1",
					"$(inherited)",
				);
				GCC_WARN_64_TO_32_BIT_CONVERSION = YES;
				GCC_WARN_ABOUT_RETURN_TYPE = YES_ERROR;
				GCC_WARN_UNDECLARED_SELECTOR = YES;
				GCC_WARN_UNINITIALIZED_AUTOS = YES_AGGRESSIVE;
				GCC_WARN_UNUSED_FUNCTION = YES;
				GCC_WARN_UNUSED_VARIABLE = YES;
				IPHONEOS_DEPLOYMENT_TARGET = 12.1;
				MTL_ENABLE_DEBUG_INFO = INCLUDE_SOURCE;
				MTL_FAST_MATH = YES;
				ONLY_ACTIVE_ARCH = YES;
				SDKROOT = iphoneos;
				SWIFT_ACTIVE_COMPILATION_CONDITIONS = DEBUG;
				SWIFT_OPTIMIZATION_LEVEL = "-Onone";
			};
			name = Debug;
		};
		504B52A721A86E4F00217499 /* Release */ = {
			isa = XCBuildConfiguration;
			buildSettings = {
				ALWAYS_SEARCH_USER_PATHS = NO;
				CLANG_ANALYZER_NONNULL = YES;
				CLANG_ANALYZER_NUMBER_OBJECT_CONVERSION = YES_AGGRESSIVE;
				CLANG_CXX_LANGUAGE_STANDARD = "gnu++14";
				CLANG_CXX_LIBRARY = "libc++";
				CLANG_ENABLE_MODULES = YES;
				CLANG_ENABLE_OBJC_ARC = YES;
				CLANG_ENABLE_OBJC_WEAK = YES;
				CLANG_WARN_BLOCK_CAPTURE_AUTORELEASING = YES;
				CLANG_WARN_BOOL_CONVERSION = YES;
				CLANG_WARN_COMMA = YES;
				CLANG_WARN_CONSTANT_CONVERSION = YES;
				CLANG_WARN_DEPRECATED_OBJC_IMPLEMENTATIONS = YES;
				CLANG_WARN_DIRECT_OBJC_ISA_USAGE = YES_ERROR;
				CLANG_WARN_DOCUMENTATION_COMMENTS = YES;
				CLANG_WARN_EMPTY_BODY = YES;
				CLANG_WARN_ENUM_CONVERSION = YES;
				CLANG_WARN_INFINITE_RECURSION = YES;
				CLANG_WARN_INT_CONVERSION = YES;
				CLANG_WARN_NON_LITERAL_NULL_CONVERSION = YES;
				CLANG_WARN_OBJC_IMPLICIT_RETAIN_SELF = YES;
				CLANG_WARN_OBJC_LITERAL_CONVERSION = YES;
				CLANG_WARN_OBJC_ROOT_CLASS = YES_ERROR;
				CLANG_WARN_RANGE_LOOP_ANALYSIS = YES;
				CLANG_WARN_STRICT_PROTOTYPES = YES;
				CLANG_WARN_SUSPICIOUS_MOVE = YES;
				CLANG_WARN_UNGUARDED_AVAILABILITY = YES_AGGRESSIVE;
				CLANG_WARN_UNREACHABLE_CODE = YES;
				CLANG_WARN__DUPLICATE_METHOD_MATCH = YES;
				CODE_SIGN_IDENTITY = "iPhone Developer";
				COPY_PHASE_STRIP = NO;
				DEBUG_INFORMATION_FORMAT = "dwarf-with-dsym";
				ENABLE_NS_ASSERTIONS = NO;
				ENABLE_STRICT_OBJC_MSGSEND = YES;
				GCC_C_LANGUAGE_STANDARD = gnu11;
				GCC_NO_COMMON_BLOCKS = YES;
				GCC_WARN_64_TO_32_BIT_CONVERSION = YES;
				GCC_WARN_ABOUT_RETURN_TYPE = YES_ERROR;
				GCC_WARN_UNDECLARED_SELECTOR = YES;
				GCC_WARN_UNINITIALIZED_AUTOS = YES_AGGRESSIVE;
				GCC_WARN_UNUSED_FUNCTION = YES;
				GCC_WARN_UNUSED_VARIABLE = YES;
				IPHONEOS_DEPLOYMENT_TARGET = 12.1;
				MTL_ENABLE_DEBUG_INFO = NO;
				MTL_FAST_MATH = YES;
				SDKROOT = iphoneos;
				SWIFT_COMPILATION_MODE = wholemodule;
				SWIFT_OPTIMIZATION_LEVEL = "-O";
				VALIDATE_PRODUCT = YES;
			};
			name = Release;
		};
		504B52A921A86E4F00217499 /* Debug */ = {
			isa = XCBuildConfiguration;
			buildSettings = {
				ASSETCATALOG_COMPILER_APPICON_NAME = AppIcon;
				CODE_SIGN_STYLE = Automatic;
				DEVELOPMENT_TEAM = JDA59272N2;
				INFOPLIST_FILE = photopicker/Info.plist;
				LD_RUNPATH_SEARCH_PATHS = (
					"$(inherited)",
					"@executable_path/Frameworks",
				);
				PRODUCT_BUNDLE_IDENTIFIER = com.nickculpin.photopicker;
				PRODUCT_NAME = "$(TARGET_NAME)";
				SWIFT_VERSION = 4.2;
				TARGETED_DEVICE_FAMILY = "1,2";
			};
			name = Debug;
		};
		504B52AA21A86E4F00217499 /* Release */ = {
			isa = XCBuildConfiguration;
			buildSettings = {
				ASSETCATALOG_COMPILER_APPICON_NAME = AppIcon;
				CODE_SIGN_STYLE = Automatic;
				DEVELOPMENT_TEAM = JDA59272N2;
				INFOPLIST_FILE = photopicker/Info.plist;
				LD_RUNPATH_SEARCH_PATHS = (
					"$(inherited)",
					"@executable_path/Frameworks",
				);
				PRODUCT_BUNDLE_IDENTIFIER = com.nickculpin.photopicker;
				PRODUCT_NAME = "$(TARGET_NAME)";
				SWIFT_VERSION = 4.2;
				TARGETED_DEVICE_FAMILY = "1,2";
			};
			name = Release;
		};
		504B52AC21A86E4F00217499 /* Debug */ = {
			isa = XCBuildConfiguration;
			buildSettings = {
				ALWAYS_EMBED_SWIFT_STANDARD_LIBRARIES = YES;
				BUNDLE_LOADER = "$(TEST_HOST)";
				CODE_SIGN_STYLE = Automatic;
				DEVELOPMENT_TEAM = JDA59272N2;
				INFOPLIST_FILE = photopickerTests/Info.plist;
				LD_RUNPATH_SEARCH_PATHS = (
					"$(inherited)",
					"@executable_path/Frameworks",
					"@loader_path/Frameworks",
				);
				PRODUCT_BUNDLE_IDENTIFIER = com.nickculpin.photopickerTests;
				PRODUCT_NAME = "$(TARGET_NAME)";
				SWIFT_VERSION = 4.2;
				TARGETED_DEVICE_FAMILY = "1,2";
				TEST_HOST = "$(BUILT_PRODUCTS_DIR)/photopicker.app/photopicker";
			};
			name = Debug;
		};
		504B52AD21A86E4F00217499 /* Release */ = {
			isa = XCBuildConfiguration;
			buildSettings = {
				ALWAYS_EMBED_SWIFT_STANDARD_LIBRARIES = YES;
				BUNDLE_LOADER = "$(TEST_HOST)";
				CODE_SIGN_STYLE = Automatic;
				DEVELOPMENT_TEAM = JDA59272N2;
				INFOPLIST_FILE = photopickerTests/Info.plist;
				LD_RUNPATH_SEARCH_PATHS = (
					"$(inherited)",
					"@executable_path/Frameworks",
					"@loader_path/Frameworks",
				);
				PRODUCT_BUNDLE_IDENTIFIER = com.nickculpin.photopickerTests;
				PRODUCT_NAME = "$(TARGET_NAME)";
				SWIFT_VERSION = 4.2;
				TARGETED_DEVICE_FAMILY = "1,2";
				TEST_HOST = "$(BUILT_PRODUCTS_DIR)/photopicker.app/photopicker";
			};
			name = Release;
		};
		504B52AF21A86E4F00217499 /* Debug */ = {
			isa = XCBuildConfiguration;
			buildSettings = {
				ALWAYS_EMBED_SWIFT_STANDARD_LIBRARIES = YES;
				CODE_SIGN_STYLE = Automatic;
				DEVELOPMENT_TEAM = JDA59272N2;
				INFOPLIST_FILE = photopickerUITests/Info.plist;
				LD_RUNPATH_SEARCH_PATHS = (
					"$(inherited)",
					"@executable_path/Frameworks",
					"@loader_path/Frameworks",
				);
				PRODUCT_BUNDLE_IDENTIFIER = com.nickculpin.photopickerUITests;
				PRODUCT_NAME = "$(TARGET_NAME)";
				SWIFT_VERSION = 4.2;
				TARGETED_DEVICE_FAMILY = "1,2";
				TEST_TARGET_NAME = photopicker;
			};
			name = Debug;
		};
		504B52B021A86E4F00217499 /* Release */ = {
			isa = XCBuildConfiguration;
			buildSettings = {
				ALWAYS_EMBED_SWIFT_STANDARD_LIBRARIES = YES;
				CODE_SIGN_STYLE = Automatic;
				DEVELOPMENT_TEAM = JDA59272N2;
				INFOPLIST_FILE = photopickerUITests/Info.plist;
				LD_RUNPATH_SEARCH_PATHS = (
					"$(inherited)",
					"@executable_path/Frameworks",
					"@loader_path/Frameworks",
				);
				PRODUCT_BUNDLE_IDENTIFIER = com.nickculpin.photopickerUITests;
				PRODUCT_NAME = "$(TARGET_NAME)";
				SWIFT_VERSION = 4.2;
				TARGETED_DEVICE_FAMILY = "1,2";
				TEST_TARGET_NAME = photopicker;
			};
			name = Release;
		};
/* End XCBuildConfiguration section */

/* Begin XCConfigurationList section */
		504B527821A86E4C00217499 /* Build configuration list for PBXProject "photopicker" */ = {
			isa = XCConfigurationList;
			buildConfigurations = (
				504B52A621A86E4F00217499 /* Debug */,
				504B52A721A86E4F00217499 /* Release */,
			);
			defaultConfigurationIsVisible = 0;
			defaultConfigurationName = Release;
		};
		504B52A821A86E4F00217499 /* Build configuration list for PBXNativeTarget "photopicker" */ = {
			isa = XCConfigurationList;
			buildConfigurations = (
				504B52A921A86E4F00217499 /* Debug */,
				504B52AA21A86E4F00217499 /* Release */,
			);
			defaultConfigurationIsVisible = 0;
			defaultConfigurationName = Release;
		};
		504B52AB21A86E4F00217499 /* Build configuration list for PBXNativeTarget "photopickerTests" */ = {
			isa = XCConfigurationList;
			buildConfigurations = (
				504B52AC21A86E4F00217499 /* Debug */,
				504B52AD21A86E4F00217499 /* Release */,
			);
			defaultConfigurationIsVisible = 0;
			defaultConfigurationName = Release;
		};
		504B52AE21A86E4F00217499 /* Build configuration list for PBXNativeTarget "photopickerUITests" */ = {
			isa = XCConfigurationList;
			buildConfigurations = (
				504B52AF21A86E4F00217499 /* Debug */,
				504B52B021A86E4F00217499 /* Release */,
			);
			defaultConfigurationIsVisible = 0;
			defaultConfigurationName = Release;
		};
/* End XCConfigurationList section */

/* Begin XCVersionGroup section */
		504B528721A86E4C00217499 /* photopicker.xcdatamodeld */ = {
			isa = XCVersionGroup;
			children = (
				504B528821A86E4C00217499 /* photopicker.xcdatamodel */,
			);
			currentVersion = 504B528821A86E4C00217499 /* photopicker.xcdatamodel */;
			path = photopicker.xcdatamodeld;
			sourceTree = "<group>";
			versionGroupType = wrapper.xcdatamodel;
		};
/* End XCVersionGroup section */
	};
	rootObject = 504B527521A86E4C00217499 /* Project object */;
}
